
Microsoft Visual Studio Solution File, Format Version 12.00
# Visual Studio 2013
VisualStudioVersion = 12.0.40629.0
MinimumVisualStudioVersion = 10.0.40219.1
Project("{FAE04EC0-301F-11D3-BF4B-00C04F79EFBC}") = "ButtonBindingMinimal", "ButtonBindingMinimal.csproj", "{FEA95B33-0382-4919-A31D-86E0EBFD3571}"
EndProject
Project("{FAE04EC0-301F-11D3-BF4B-00C04F79EFBC}") = "Binding", "..\..\WPF\Class Lib\Binding\Binding.csproj", "{A09D71C0-623D-469A-86F0-AA8DF97B41DC}"
EndProject
Project("{FAE04EC0-301F-11D3-BF4B-00C04F79EFBC}") = "ContentToggleButton", "..\..\WPF\Class Lib\ContentToggleButton\ContentToggleButton\ContentToggleButton.csproj", "{075693A1-BF1C-4DF7-A9C9-E4262FB4C51D}"
EndProject
Global
	GlobalSection(SolutionConfigurationPlatforms) = preSolution
		Debug|Any CPU = Debug|Any CPU
		Release|Any CPU = Release|Any CPU
	EndGlobalSection
	GlobalSection(ProjectConfigurationPlatforms) = postSolution
		{FEA95B33-0382-4919-A31D-86E0EBFD3571}.Debug|Any CPU.ActiveCfg = Debug|Any CPU
		{FEA95B33-0382-4919-A31D-86E0EBFD3571}.Debug|Any CPU.Build.0 = Debug|Any CPU
		{FEA95B33-0382-4919-A31D-86E0EBFD3571}.Release|Any CPU.ActiveCfg = Release|Any CPU
		{FEA95B33-0382-4919-A31D-86E0EBFD3571}.Release|Any CPU.Build.0 = Release|Any CPU
		{A09D71C0-623D-469A-86F0-AA8DF97B41DC}.Debug|Any CPU.ActiveCfg = Debug|Any CPU
		{A09D71C0-623D-469A-86F0-AA8DF97B41DC}.Debug|Any CPU.Build.0 = Debug|Any CPU
		{A09D71C0-623D-469A-86F0-AA8DF97B41DC}.Release|Any CPU.ActiveCfg = Release|Any CPU
		{A09D71C0-623D-469A-86F0-AA8DF97B41DC}.Release|Any CPU.Build.0 = Release|Any CPU
		{075693A1-BF1C-4DF7-A9C9-E4262FB4C51D}.Debug|Any CPU.ActiveCfg = Debug|Any CPU
		{075693A1-BF1C-4DF7-A9C9-E4262FB4C51D}.Debug|Any CPU.Build.0 = Debug|Any CPU
		{075693A1-BF1C-4DF7-A9C9-E4262FB4C51D}.Release|Any CPU.ActiveCfg = Release|Any CPU
		{075693A1-BF1C-4DF7-A9C9-E4262FB4C51D}.Release|Any CPU.Build.0 = Release|Any CPU
	EndGlobalSection
	GlobalSection(SolutionProperties) = preSolution
		HideSolutionNode = FALSE
	EndGlobalSection
EndGlobal
